
Microsoft Visual Studio Solution File, Format Version 12.00
# Visual Studio 15
VisualStudioVersion = 15.0.27428.2043
MinimumVisualStudioVersion = 10.0.40219.1
Project("{9A19103F-16F7-4668-BE54-9A1E7A4F7556}") = "MikValSor.EnsuredImmutable", "source\MikValSor.EnsuredImmutable\MikValSor.EnsuredImmutable.csproj", "{DE6BF3A1-8963-4DCB-B819-A5E9587A5AF3}"
EndProject
Project("{FAE04EC0-301F-11D3-BF4B-00C04F79EFBC}") = "Examples", "source\Examples\Examples.csproj", "{2BF0FADD-3DE0-4953-9F96-2407BF17AD7C}"
EndProject
Global
	GlobalSection(SolutionConfigurationPlatforms) = preSolution
		Debug|Any CPU = Debug|Any CPU
		Release|Any CPU = Release|Any CPU
	EndGlobalSection
	GlobalSection(ProjectConfigurationPlatforms) = postSolution
		{DE6BF3A1-8963-4DCB-B819-A5E9587A5AF3}.Debug|Any CPU.ActiveCfg = Debug|Any CPU
		{DE6BF3A1-8963-4DCB-B819-A5E9587A5AF3}.Debug|Any CPU.Build.0 = Debug|Any CPU
		{DE6BF3A1-8963-4DCB-B819-A5E9587A5AF3}.Release|Any CPU.ActiveCfg = Release|Any CPU
		{DE6BF3A1-8963-4DCB-B819-A5E9587A5AF3}.Release|Any CPU.Build.0 = Release|Any CPU
		{2BF0FADD-3DE0-4953-9F96-2407BF17AD7C}.Debug|Any CPU.ActiveCfg = Debug|Any CPU
		{2BF0FADD-3DE0-4953-9F96-2407BF17AD7C}.Debug|Any CPU.Build.0 = Debug|Any CPU
		{2BF0FADD-3DE0-4953-9F96-2407BF17AD7C}.Release|Any CPU.ActiveCfg = Release|Any CPU
		{2BF0FADD-3DE0-4953-9F96-2407BF17AD7C}.Release|Any CPU.Build.0 = Release|Any CPU
	EndGlobalSection
	GlobalSection(SolutionProperties) = preSolution
		HideSolutionNode = FALSE
	EndGlobalSection
	GlobalSection(ExtensibilityGlobals) = postSolution
		SolutionGuid = {19782F69-10F1-4D27-9A84-3C2D00B27C0B}
	EndGlobalSection
EndGlobal
